
Microsoft Visual Studio Solution File, Format Version 10.00
# Visual Studio 2008
Project("{FAE04EC0-301F-11D3-BF4B-00C04F79EFBC}") = "EnumGenerator", "EnumGenerator\EnumGenerator.csproj", "{2B0551D9-0B3A-466F-A8B9-0C9A49B888C0}"
EndProject
Project("{2150E333-8FDC-42A3-9474-1A3956D46DE8}") = "Solution Items", "Solution Items", "{10161B2F-FD7B-4E74-A3BF-1151B7C35061}"
	ProjectSection(SolutionItems) = preProject
		CoreDB.sdf = CoreDB.sdf
		DropCalculator.enumgen = DropCalculator.enumgen
		EnumGenerator.sql = EnumGenerator.sql
	EndProjectSection
EndProject
Global
	GlobalSection(SolutionConfigurationPlatforms) = preSolution
		Debug|Any CPU = Debug|Any CPU
		Release|Any CPU = Release|Any CPU
	EndGlobalSection
	GlobalSection(ProjectConfigurationPlatforms) = postSolution
		{2B0551D9-0B3A-466F-A8B9-0C9A49B888C0}.Debug|Any CPU.ActiveCfg = Debug|Any CPU
		{2B0551D9-0B3A-466F-A8B9-0C9A49B888C0}.Debug|Any CPU.Build.0 = Debug|Any CPU
		{2B0551D9-0B3A-466F-A8B9-0C9A49B888C0}.Release|Any CPU.ActiveCfg = Release|Any CPU
		{2B0551D9-0B3A-466F-A8B9-0C9A49B888C0}.Release|Any CPU.Build.0 = Release|Any CPU
	EndGlobalSection
	GlobalSection(SolutionProperties) = preSolution
		HideSolutionNode = FALSE
	EndGlobalSection
EndGlobal
